
Microsoft Visual Studio Solution File, Format Version 12.00
# Visual Studio Version 17
VisualStudioVersion = 17.4.33205.214
MinimumVisualStudioVersion = 10.0.40219.1
Project("{FAE04EC0-301F-11D3-BF4B-00C04F79EFBC}") = "Telefono", "Telefono\Telefono.csproj", "{B883FCD4-106E-4D4A-A1B3-FD2D9C3422DB}"
EndProject
Global
	GlobalSection(SolutionConfigurationPlatforms) = preSolution
		Debug|Any CPU = Debug|Any CPU
		Release|Any CPU = Release|Any CPU
	EndGlobalSection
	GlobalSection(ProjectConfigurationPlatforms) = postSolution
		{B883FCD4-106E-4D4A-A1B3-FD2D9C3422DB}.Debug|Any CPU.ActiveCfg = Debug|Any CPU
		{B883FCD4-106E-4D4A-A1B3-FD2D9C3422DB}.Debug|Any CPU.Build.0 = Debug|Any CPU
		{B883FCD4-106E-4D4A-A1B3-FD2D9C3422DB}.Release|Any CPU.ActiveCfg = Release|Any CPU
		{B883FCD4-106E-4D4A-A1B3-FD2D9C3422DB}.Release|Any CPU.Build.0 = Release|Any CPU
	EndGlobalSection
	GlobalSection(SolutionProperties) = preSolution
		HideSolutionNode = FALSE
	EndGlobalSection
	GlobalSection(ExtensibilityGlobals) = postSolution
		SolutionGuid = {A2490743-EC77-490D-AA8C-90847A074DAB}
	EndGlobalSection
EndGlobal
