
Microsoft Visual Studio Solution File, Format Version 12.00
# Visual Studio Version 17
VisualStudioVersion = 17.4.33213.308
MinimumVisualStudioVersion = 10.0.40219.1
Project("{FAE04EC0-301F-11D3-BF4B-00C04F79EFBC}") = "winform-app", "EjercicioUnidad6\winform-app.csproj", "{83B22FF0-DB37-4B9D-9252-B3CFB3918047}"
EndProject
Project("{FAE04EC0-301F-11D3-BF4B-00C04F79EFBC}") = "negocio", "Negocio\negocio.csproj", "{A531A550-A030-4063-B4C0-EE3C2FFA86C1}"
EndProject
Project("{FAE04EC0-301F-11D3-BF4B-00C04F79EFBC}") = "dominio", "dominio\dominio.csproj", "{CE3E981A-A11C-47E6-8F23-CF367E614FE3}"
EndProject
Global
	GlobalSection(SolutionConfigurationPlatforms) = preSolution
		Debug|Any CPU = Debug|Any CPU
		Release|Any CPU = Release|Any CPU
	EndGlobalSection
	GlobalSection(ProjectConfigurationPlatforms) = postSolution
		{83B22FF0-DB37-4B9D-9252-B3CFB3918047}.Debug|Any CPU.ActiveCfg = Debug|Any CPU
		{83B22FF0-DB37-4B9D-9252-B3CFB3918047}.Debug|Any CPU.Build.0 = Debug|Any CPU
		{83B22FF0-DB37-4B9D-9252-B3CFB3918047}.Release|Any CPU.ActiveCfg = Release|Any CPU
		{83B22FF0-DB37-4B9D-9252-B3CFB3918047}.Release|Any CPU.Build.0 = Release|Any CPU
		{A531A550-A030-4063-B4C0-EE3C2FFA86C1}.Debug|Any CPU.ActiveCfg = Debug|Any CPU
		{A531A550-A030-4063-B4C0-EE3C2FFA86C1}.Debug|Any CPU.Build.0 = Debug|Any CPU
		{A531A550-A030-4063-B4C0-EE3C2FFA86C1}.Release|Any CPU.ActiveCfg = Release|Any CPU
		{A531A550-A030-4063-B4C0-EE3C2FFA86C1}.Release|Any CPU.Build.0 = Release|Any CPU
		{CE3E981A-A11C-47E6-8F23-CF367E614FE3}.Debug|Any CPU.ActiveCfg = Debug|Any CPU
		{CE3E981A-A11C-47E6-8F23-CF367E614FE3}.Debug|Any CPU.Build.0 = Debug|Any CPU
		{CE3E981A-A11C-47E6-8F23-CF367E614FE3}.Release|Any CPU.ActiveCfg = Release|Any CPU
		{CE3E981A-A11C-47E6-8F23-CF367E614FE3}.Release|Any CPU.Build.0 = Release|Any CPU
	EndGlobalSection
	GlobalSection(SolutionProperties) = preSolution
		HideSolutionNode = FALSE
	EndGlobalSection
	GlobalSection(ExtensibilityGlobals) = postSolution
		SolutionGuid = {7BB463CB-C549-48DA-8FC0-45FFC4AFA98B}
	EndGlobalSection
EndGlobal
