
Microsoft Visual Studio Solution File, Format Version 12.00
# Visual Studio Version 17
VisualStudioVersion = 17.4.33213.308
MinimumVisualStudioVersion = 10.0.40219.1
Project("{FAE04EC0-301F-11D3-BF4B-00C04F79EFBC}") = "MiPrimerAplicacion", "MiPrimerAplicacion\MiPrimerAplicacion.csproj", "{C85C4B3E-570F-4C41-88AC-863647FFB5BF}"
EndProject
Project("{FAE04EC0-301F-11D3-BF4B-00C04F79EFBC}") = "AplicacionWindows2", "AplicacionWindows2\AplicacionWindows2.csproj", "{F5B9AA3D-6748-4D15-90B4-5A904450363C}"
EndProject
Global
	GlobalSection(SolutionConfigurationPlatforms) = preSolution
		Debug|Any CPU = Debug|Any CPU
		Release|Any CPU = Release|Any CPU
	EndGlobalSection
	GlobalSection(ProjectConfigurationPlatforms) = postSolution
		{C85C4B3E-570F-4C41-88AC-863647FFB5BF}.Debug|Any CPU.ActiveCfg = Debug|Any CPU
		{C85C4B3E-570F-4C41-88AC-863647FFB5BF}.Debug|Any CPU.Build.0 = Debug|Any CPU
		{C85C4B3E-570F-4C41-88AC-863647FFB5BF}.Release|Any CPU.ActiveCfg = Release|Any CPU
		{C85C4B3E-570F-4C41-88AC-863647FFB5BF}.Release|Any CPU.Build.0 = Release|Any CPU
		{F5B9AA3D-6748-4D15-90B4-5A904450363C}.Debug|Any CPU.ActiveCfg = Debug|Any CPU
		{F5B9AA3D-6748-4D15-90B4-5A904450363C}.Debug|Any CPU.Build.0 = Debug|Any CPU
		{F5B9AA3D-6748-4D15-90B4-5A904450363C}.Release|Any CPU.ActiveCfg = Release|Any CPU
		{F5B9AA3D-6748-4D15-90B4-5A904450363C}.Release|Any CPU.Build.0 = Release|Any CPU
	EndGlobalSection
	GlobalSection(SolutionProperties) = preSolution
		HideSolutionNode = FALSE
	EndGlobalSection
	GlobalSection(ExtensibilityGlobals) = postSolution
		SolutionGuid = {791C9979-E718-45EA-B602-5C2E402B8579}
	EndGlobalSection
EndGlobal
