
Microsoft Visual Studio Solution File, Format Version 12.00
# Visual Studio Version 17
VisualStudioVersion = 17.4.33205.214
MinimumVisualStudioVersion = 10.0.40219.1
Project("{FAE04EC0-301F-11D3-BF4B-00C04F79EFBC}") = "Ejemplo1", "Ejemplo1\Ejemplo1.csproj", "{D631366D-57DB-43D9-8477-AB4966EAA5F5}"
EndProject
Project("{FAE04EC0-301F-11D3-BF4B-00C04F79EFBC}") = "Ejemplo2", "Ejemplo2\Ejemplo2.csproj", "{BB4EC1F0-B78D-4BD8-B3FE-D5C4F05FB90F}"
EndProject
Project("{FAE04EC0-301F-11D3-BF4B-00C04F79EFBC}") = "Ejemplo3", "Ejemplo3\Ejemplo3.csproj", "{C3C51782-AFE2-4A3D-8BE7-83543983A399}"
EndProject
Global
	GlobalSection(SolutionConfigurationPlatforms) = preSolution
		Debug|Any CPU = Debug|Any CPU
		Release|Any CPU = Release|Any CPU
	EndGlobalSection
	GlobalSection(ProjectConfigurationPlatforms) = postSolution
		{D631366D-57DB-43D9-8477-AB4966EAA5F5}.Debug|Any CPU.ActiveCfg = Debug|Any CPU
		{D631366D-57DB-43D9-8477-AB4966EAA5F5}.Debug|Any CPU.Build.0 = Debug|Any CPU
		{D631366D-57DB-43D9-8477-AB4966EAA5F5}.Release|Any CPU.ActiveCfg = Release|Any CPU
		{D631366D-57DB-43D9-8477-AB4966EAA5F5}.Release|Any CPU.Build.0 = Release|Any CPU
		{BB4EC1F0-B78D-4BD8-B3FE-D5C4F05FB90F}.Debug|Any CPU.ActiveCfg = Debug|Any CPU
		{BB4EC1F0-B78D-4BD8-B3FE-D5C4F05FB90F}.Debug|Any CPU.Build.0 = Debug|Any CPU
		{BB4EC1F0-B78D-4BD8-B3FE-D5C4F05FB90F}.Release|Any CPU.ActiveCfg = Release|Any CPU
		{BB4EC1F0-B78D-4BD8-B3FE-D5C4F05FB90F}.Release|Any CPU.Build.0 = Release|Any CPU
		{C3C51782-AFE2-4A3D-8BE7-83543983A399}.Debug|Any CPU.ActiveCfg = Debug|Any CPU
		{C3C51782-AFE2-4A3D-8BE7-83543983A399}.Debug|Any CPU.Build.0 = Debug|Any CPU
		{C3C51782-AFE2-4A3D-8BE7-83543983A399}.Release|Any CPU.ActiveCfg = Release|Any CPU
		{C3C51782-AFE2-4A3D-8BE7-83543983A399}.Release|Any CPU.Build.0 = Release|Any CPU
	EndGlobalSection
	GlobalSection(SolutionProperties) = preSolution
		HideSolutionNode = FALSE
	EndGlobalSection
	GlobalSection(ExtensibilityGlobals) = postSolution
		SolutionGuid = {2C370780-4364-4E5F-ACCB-A5273F616C93}
	EndGlobalSection
EndGlobal
