
Microsoft Visual Studio Solution File, Format Version 12.00
# Visual Studio Version 17
VisualStudioVersion = 17.4.33205.214
MinimumVisualStudioVersion = 10.0.40219.1
Project("{FAE04EC0-301F-11D3-BF4B-00C04F79EFBC}") = "Ejemplo1", "Ejemplo1\Ejemplo1.csproj", "{28455939-12C5-4057-8A7A-B427433A9265}"
EndProject
Global
	GlobalSection(SolutionConfigurationPlatforms) = preSolution
		Debug|Any CPU = Debug|Any CPU
		Release|Any CPU = Release|Any CPU
	EndGlobalSection
	GlobalSection(ProjectConfigurationPlatforms) = postSolution
		{28455939-12C5-4057-8A7A-B427433A9265}.Debug|Any CPU.ActiveCfg = Debug|Any CPU
		{28455939-12C5-4057-8A7A-B427433A9265}.Debug|Any CPU.Build.0 = Debug|Any CPU
		{28455939-12C5-4057-8A7A-B427433A9265}.Release|Any CPU.ActiveCfg = Release|Any CPU
		{28455939-12C5-4057-8A7A-B427433A9265}.Release|Any CPU.Build.0 = Release|Any CPU
	EndGlobalSection
	GlobalSection(SolutionProperties) = preSolution
		HideSolutionNode = FALSE
	EndGlobalSection
	GlobalSection(ExtensibilityGlobals) = postSolution
		SolutionGuid = {C01BACD7-E534-4FD4-93CA-BC3E78DA8A58}
	EndGlobalSection
EndGlobal
